
Microsoft Visual Studio Solution File, Format Version 12.00
# Visual Studio Version 16
VisualStudioVersion = 16.0.30204.135
MinimumVisualStudioVersion = 10.0.40219.1
Project("{9A19103F-16F7-4668-BE54-9A1E7A4F7556}") = "busylight", "busylight\busylight.csproj", "{190AB25D-884B-49C3-8B23-9D5248F8D411}"
EndProject
Project("{FAE04EC0-301F-11D3-BF4B-00C04F79EFBC}") = "busylight.Tests", "busylight.Tests\busylight.Tests.csproj", "{8A6B851D-1CC1-4288-9A09-40B1FA8F0B42}"
EndProject
Global
	GlobalSection(SolutionConfigurationPlatforms) = preSolution
		Debug|Any CPU = Debug|Any CPU
		Release|Any CPU = Release|Any CPU
	EndGlobalSection
	GlobalSection(ProjectConfigurationPlatforms) = postSolution
		{190AB25D-884B-49C3-8B23-9D5248F8D411}.Debug|Any CPU.ActiveCfg = Debug|Any CPU
		{190AB25D-884B-49C3-8B23-9D5248F8D411}.Debug|Any CPU.Build.0 = Debug|Any CPU
		{190AB25D-884B-49C3-8B23-9D5248F8D411}.Release|Any CPU.ActiveCfg = Release|Any CPU
		{190AB25D-884B-49C3-8B23-9D5248F8D411}.Release|Any CPU.Build.0 = Release|Any CPU
		{8A6B851D-1CC1-4288-9A09-40B1FA8F0B42}.Debug|Any CPU.ActiveCfg = Debug|Any CPU
		{8A6B851D-1CC1-4288-9A09-40B1FA8F0B42}.Debug|Any CPU.Build.0 = Debug|Any CPU
		{8A6B851D-1CC1-4288-9A09-40B1FA8F0B42}.Release|Any CPU.ActiveCfg = Release|Any CPU
		{8A6B851D-1CC1-4288-9A09-40B1FA8F0B42}.Release|Any CPU.Build.0 = Release|Any CPU
	EndGlobalSection
	GlobalSection(SolutionProperties) = preSolution
		HideSolutionNode = FALSE
	EndGlobalSection
	GlobalSection(ExtensibilityGlobals) = postSolution
		SolutionGuid = {FC2661C2-4BB1-48A4-823F-6D3667578AC9}
	EndGlobalSection
EndGlobal
